
Microsoft Visual Studio Solution File, Format Version 12.00
# Visual Studio Version 17
VisualStudioVersion = 17.10.35122.118
MinimumVisualStudioVersion = 10.0.40219.1
Project("{FAE04EC0-301F-11D3-BF4B-00C04F79EFBC}") = "Patrick_Menu", "Patrick_Menu\Patrick_Menu.csproj", "{8F5149A2-E397-4A12-9150-E17BB5C49C09}"
EndProject
Global
	GlobalSection(SolutionConfigurationPlatforms) = preSolution
		Debug|Any CPU = Debug|Any CPU
		Release|Any CPU = Release|Any CPU
	EndGlobalSection
	GlobalSection(ProjectConfigurationPlatforms) = postSolution
		{8F5149A2-E397-4A12-9150-E17BB5C49C09}.Debug|Any CPU.ActiveCfg = Debug|Any CPU
		{8F5149A2-E397-4A12-9150-E17BB5C49C09}.Debug|Any CPU.Build.0 = Debug|Any CPU
		{8F5149A2-E397-4A12-9150-E17BB5C49C09}.Release|Any CPU.ActiveCfg = Release|Any CPU
		{8F5149A2-E397-4A12-9150-E17BB5C49C09}.Release|Any CPU.Build.0 = Release|Any CPU
	EndGlobalSection
	GlobalSection(SolutionProperties) = preSolution
		HideSolutionNode = FALSE
	EndGlobalSection
	GlobalSection(ExtensibilityGlobals) = postSolution
		SolutionGuid = {D3A9F80C-30DE-4E96-B25B-E7F178C1E024}
	EndGlobalSection
EndGlobal
